{
  "name": "ebook",
  "version": "1.0.0",
  "lockfileVersion": 1,
  "requires": true,
  "dependencies": {
    "minapp-iconfont": {
      "version": "0.0.3",
      "resolved": "https://registry.npmjs.org/minapp-iconfont/-/minapp-iconfont-0.0.3.tgz",
      "integrity": "sha512-j7OFgXqir/3HUOKBjDphmOC8ZxekEIslGt3bWKEbu65PIwq8Qfwx6Bfa0hdELf7nHVnjtYsTdbXHqvMZ3ipYzg=="
    }
  }
}
